{
  "name": "landingpage",
  "version": "1.0.0",
  "lockfileVersion": 1,
  "requires": true,
  "dependencies": {
    "country-state-city": {
      "version": "1.0.4",
      "resolved": "https://registry.npmjs.org/country-state-city/-/country-state-city-1.0.4.tgz",
      "integrity": "sha512-tDnjTFMbTD+UuTS0wGQBedu4IWl8yVpm4yfvs2n8WsAmKAfSsy75EEdXwhCiRuI/hXstlu11GtN6nYe4ugM4SA=="
    }
  }
}
